PODS:
  - React (0.30.0):
    - React/Core (= 0.30.0)
  - React/Core (0.30.0)
  - ReactNativeStoreView (0.1.3):
    - React

DEPENDENCIES:
  - React/Core (from `../node_modules/react-native`)
  - ReactNativeStoreView (from `../node_modules/react-native-store-view`)

EXTERNAL SOURCES:
  React:
    :path: "../node_modules/react-native"
  ReactNativeStoreView:
    :path: "../node_modules/react-native-store-view"

SPEC CHECKSUMS:
  React: ed499ad8bb72560821a80fefa59e15a18f3ec75c
  ReactNativeStoreView: 34a1f730cdc91744885c434d3092288bcfe0b3e6

PODFILE CHECKSUM: 9e7c75a2064f676ab27aa19b3ae7db8d36d4428a

COCOAPODS: 1.0.1
