PODS:
  - React (0.30.0):
    - React/Core (= 0.30.0)
  - React/Core (0.30.0)
  - ReactNativeStoreView (1.0.0):
    - React

DEPENDENCIES:
  - React/Core (from `../node_modules/react-native`)
  - ReactNativeStoreView (from `../node_modules/react-native-store-view`)

EXTERNAL SOURCES:
  React:
    :path: "../node_modules/react-native"
  ReactNativeStoreView:
    :path: "../node_modules/react-native-store-view"

SPEC CHECKSUMS:
  React: ed499ad8bb72560821a80fefa59e15a18f3ec75c
  ReactNativeStoreView: d13a8d15ce37e775a6393b2c857e33ee3f2c463c

PODFILE CHECKSUM: 9e7c75a2064f676ab27aa19b3ae7db8d36d4428a

COCOAPODS: 1.0.1
